
Microsoft Visual Studio Solution File, Format Version 12.00
# Visual Studio 15
VisualStudioVersion = 15.0.28307.329
MinimumVisualStudioVersion = 10.0.40219.1
Project("{FAE04EC0-301F-11D3-BF4B-00C04F79EFBC}") = "ExpressoApi", "ExpressoApi\ExpressoApi.csproj", "{61B8BE89-C1CF-46D8-A594-0BBDCCD51A8E}"
EndProject
Global
	GlobalSection(SolutionConfigurationPlatforms) = preSolution
		Debug|Any CPU = Debug|Any CPU
		Release|Any CPU = Release|Any CPU
	EndGlobalSection
	GlobalSection(ProjectConfigurationPlatforms) = postSolution
		{61B8BE89-C1CF-46D8-A594-0BBDCCD51A8E}.Debug|Any CPU.ActiveCfg = Debug|Any CPU
		{61B8BE89-C1CF-46D8-A594-0BBDCCD51A8E}.Debug|Any CPU.Build.0 = Debug|Any CPU
		{61B8BE89-C1CF-46D8-A594-0BBDCCD51A8E}.Release|Any CPU.ActiveCfg = Release|Any CPU
		{61B8BE89-C1CF-46D8-A594-0BBDCCD51A8E}.Release|Any CPU.Build.0 = Release|Any CPU
	EndGlobalSection
	GlobalSection(SolutionProperties) = preSolution
		HideSolutionNode = FALSE
	EndGlobalSection
	GlobalSection(ExtensibilityGlobals) = postSolution
		SolutionGuid = {4E463E36-560B-443C-92DC-98A24805360D}
	EndGlobalSection
EndGlobal
